
Microsoft Visual Studio Solution File, Format Version 11.00
# Visual Studio 2010
Project("{FAE04EC0-301F-11D3-BF4B-00C04F79EFBC}") = "Assembly-CSharp", "Assembly-CSharp.csproj", "{AB8EC1D0-479D-5A89-78EC-FAF0666C3F3A}"
EndProject
Project("{FAE04EC0-301F-11D3-BF4B-00C04F79EFBC}") = "Oculus.VR", "Oculus.VR.csproj", "{D6FE96F7-DFA5-F2C0-0466-317248930DBD}"
EndProject
Project("{FAE04EC0-301F-11D3-BF4B-00C04F79EFBC}") = "Assembly-CSharp-firstpass", "Assembly-CSharp-firstpass.csproj", "{C254D73F-281C-6643-9FA3-971F637FAA51}"
EndProject
Project("{FAE04EC0-301F-11D3-BF4B-00C04F79EFBC}") = "Assembly-CSharp-Editor-firstpass", "Assembly-CSharp-Editor-firstpass.csproj", "{7FC3F89E-5251-A49C-557C-57A27D6E920F}"
EndProject
Project("{FAE04EC0-301F-11D3-BF4B-00C04F79EFBC}") = "Assembly-CSharp-Editor", "Assembly-CSharp-Editor.csproj", "{A9017161-C1C4-4AE3-30C0-2A0791B717D8}"
EndProject
Project("{FAE04EC0-301F-11D3-BF4B-00C04F79EFBC}") = "Oculus.VR.Scripts.Editor", "Oculus.VR.Scripts.Editor.csproj", "{2ECEEBF8-3C30-C61D-89C8-0D7C17901FAE}"
EndProject
Project("{FAE04EC0-301F-11D3-BF4B-00C04F79EFBC}") = "Oculus.VR.Editor", "Oculus.VR.Editor.csproj", "{B3B385F5-1557-5B05-E3B5-277712A58D85}"
EndProject
Global
	GlobalSection(SolutionConfigurationPlatforms) = preSolution
		Debug|Any CPU = Debug|Any CPU
		Release|Any CPU = Release|Any CPU
	EndGlobalSection
	GlobalSection(ProjectConfigurationPlatforms) = postSolution
		{AB8EC1D0-479D-5A89-78EC-FAF0666C3F3A}.Debug|Any CPU.ActiveCfg = Debug|Any CPU
		{AB8EC1D0-479D-5A89-78EC-FAF0666C3F3A}.Debug|Any CPU.Build.0 = Debug|Any CPU
		{AB8EC1D0-479D-5A89-78EC-FAF0666C3F3A}.Release|Any CPU.ActiveCfg = Release|Any CPU
		{AB8EC1D0-479D-5A89-78EC-FAF0666C3F3A}.Release|Any CPU.Build.0 = Release|Any CPU
		{D6FE96F7-DFA5-F2C0-0466-317248930DBD}.Debug|Any CPU.ActiveCfg = Debug|Any CPU
		{D6FE96F7-DFA5-F2C0-0466-317248930DBD}.Debug|Any CPU.Build.0 = Debug|Any CPU
		{D6FE96F7-DFA5-F2C0-0466-317248930DBD}.Release|Any CPU.ActiveCfg = Release|Any CPU
		{D6FE96F7-DFA5-F2C0-0466-317248930DBD}.Release|Any CPU.Build.0 = Release|Any CPU
		{C254D73F-281C-6643-9FA3-971F637FAA51}.Debug|Any CPU.ActiveCfg = Debug|Any CPU
		{C254D73F-281C-6643-9FA3-971F637FAA51}.Debug|Any CPU.Build.0 = Debug|Any CPU
		{C254D73F-281C-6643-9FA3-971F637FAA51}.Release|Any CPU.ActiveCfg = Release|Any CPU
		{C254D73F-281C-6643-9FA3-971F637FAA51}.Release|Any CPU.Build.0 = Release|Any CPU
		{7FC3F89E-5251-A49C-557C-57A27D6E920F}.Debug|Any CPU.ActiveCfg = Debug|Any CPU
		{7FC3F89E-5251-A49C-557C-57A27D6E920F}.Debug|Any CPU.Build.0 = Debug|Any CPU
		{7FC3F89E-5251-A49C-557C-57A27D6E920F}.Release|Any CPU.ActiveCfg = Release|Any CPU
		{7FC3F89E-5251-A49C-557C-57A27D6E920F}.Release|Any CPU.Build.0 = Release|Any CPU
		{A9017161-C1C4-4AE3-30C0-2A0791B717D8}.Debug|Any CPU.ActiveCfg = Debug|Any CPU
		{A9017161-C1C4-4AE3-30C0-2A0791B717D8}.Debug|Any CPU.Build.0 = Debug|Any CPU
		{A9017161-C1C4-4AE3-30C0-2A0791B717D8}.Release|Any CPU.ActiveCfg = Release|Any CPU
		{A9017161-C1C4-4AE3-30C0-2A0791B717D8}.Release|Any CPU.Build.0 = Release|Any CPU
		{2ECEEBF8-3C30-C61D-89C8-0D7C17901FAE}.Debug|Any CPU.ActiveCfg = Debug|Any CPU
		{2ECEEBF8-3C30-C61D-89C8-0D7C17901FAE}.Debug|Any CPU.Build.0 = Debug|Any CPU
		{2ECEEBF8-3C30-C61D-89C8-0D7C17901FAE}.Release|Any CPU.ActiveCfg = Release|Any CPU
		{2ECEEBF8-3C30-C61D-89C8-0D7C17901FAE}.Release|Any CPU.Build.0 = Release|Any CPU
		{B3B385F5-1557-5B05-E3B5-277712A58D85}.Debug|Any CPU.ActiveCfg = Debug|Any CPU
		{B3B385F5-1557-5B05-E3B5-277712A58D85}.Debug|Any CPU.Build.0 = Debug|Any CPU
		{B3B385F5-1557-5B05-E3B5-277712A58D85}.Release|Any CPU.ActiveCfg = Release|Any CPU
		{B3B385F5-1557-5B05-E3B5-277712A58D85}.Release|Any CPU.Build.0 = Release|Any CPU
	EndGlobalSection
	GlobalSection(SolutionProperties) = preSolution
		HideSolutionNode = FALSE
	EndGlobalSection
	GlobalSection(MonoDevelopProperties) = preSolution
		StartupItem = Assembly-CSharp.csproj
	EndGlobalSection
EndGlobal
